// !$*UTF8*$!
{
	archiveVersion = 1;
	classes = {
	};
	objectVersion = 77;
	objects = {

/* Begin PBXBuildFile section */
		83CAEB7F2D84AE330012ED1D /* FirebaseAnalytics in Frameworks */ = {isa = PBXBuildFile; productRef = 83CAEB7E2D84AE330012ED1D /* FirebaseAnalytics */; };
		83CAEB812D84AE330012ED1D /* FirebaseAuth in Frameworks */ = {isa = PBXBuildFile; productRef = 83CAEB802D84AE330012ED1D /* FirebaseAuth */; };
		83CAEB832D84AE330012ED1D /* FirebaseAuthCombine-Community in Frameworks */ = {isa = PBXBuildFile; productRef = 83CAEB822D84AE330012ED1D /* FirebaseAuthCombine-Community */; };
		83CAEB852D84AE330012ED1D /* FirebaseCore in Frameworks */ = {isa = PBXBuildFile; productRef = 83CAEB842D84AE330012ED1D /* FirebaseCore */; };
		83CAEB872D84AE330012ED1D /* FirebaseDatabase in Frameworks */ = {isa = PBXBuildFile; productRef = 83CAEB862D84AE330012ED1D /* FirebaseDatabase */; };
		83CAEB892D84AE330012ED1D /* FirebaseFirestore in Frameworks */ = {isa = PBXBuildFile; productRef = 83CAEB882D84AE330012ED1D /* FirebaseFirestore */; };
		83CAEB8B2D84AE330012ED1D /* FirebaseFirestoreCombine-Community in Frameworks */ = {isa = PBXBuildFile; productRef = 83CAEB8A2D84AE330012ED1D /* FirebaseFirestoreCombine-Community */; };
		83CAEB8D2D84AE330012ED1D /* FirebaseMessaging in Frameworks */ = {isa = PBXBuildFile; productRef = 83CAEB8C2D84AE330012ED1D /* FirebaseMessaging */; };
		83CAEB8F2D84AE330012ED1D /* FirebasePerformance in Frameworks */ = {isa = PBXBuildFile; productRef = 83CAEB8E2D84AE330012ED1D /* FirebasePerformance */; };
		83CAEB912D84AE330012ED1D /* FirebaseStorage in Frameworks */ = {isa = PBXBuildFile; productRef = 83CAEB902D84AE330012ED1D /* FirebaseStorage */; };
		83CAEB932D84AE330012ED1D /* FirebaseStorageCombine-Community in Frameworks */ = {isa = PBXBuildFile; productRef = 83CAEB922D84AE330012ED1D /* FirebaseStorageCombine-Community */; };
/* End PBXBuildFile section */

/* Begin PBXFileReference section */
		83CAEB6C2D84ADD80012ED1D /* TwoPix-Swift.app */ = {isa = PBXFileReference; explicitFileType = wrapper.application; includeInIndex = 0; path = "TwoPix-Swift.app"; sourceTree = BUILT_PRODUCTS_DIR; };
/* End PBXFileReference section */

/* Begin PBXFileSystemSynchronizedBuildFileExceptionSet section */
		83ACA65B2D8BBD3E00853BE9 /* Exceptions for "TwoPix-Swift" folder in "TwoPix-Swift" target */ = {
			isa = PBXFileSystemSynchronizedBuildFileExceptionSet;
			membershipExceptions = (
				Untitled.swift,
			);
			target = 83CAEB6B2D84ADD80012ED1D /* TwoPix-Swift */;
		};
/* End PBXFileSystemSynchronizedBuildFileExceptionSet section */

/* Begin PBXFileSystemSynchronizedRootGroup section */
		83CAEB6E2D84ADD80012ED1D /* TwoPix-Swift */ = {
			isa = PBXFileSystemSynchronizedRootGroup;
			exceptions = (
				83ACA65B2D8BBD3E00853BE9 /* Exceptions for "TwoPix-Swift" folder in "TwoPix-Swift" target */,
			);
			path = "TwoPix-Swift";
			sourceTree = "<group>";
		};
/* End PBXFileSystemSynchronizedRootGroup section */

/* Begin PBXFrameworksBuildPhase section */
		83CAEB692D84ADD80012ED1D /* Frameworks */ = {
			isa = PBXFrameworksBuildPhase;
			buildActionMask = 2147483647;
			files = (
				83CAEB932D84AE330012ED1D /* FirebaseStorageCombine-Community in Frameworks */,
				83CAEB8D2D84AE330012ED1D /* FirebaseMessaging in Frameworks */,
				83CAEB872D84AE330012ED1D /* FirebaseDatabase in Frameworks */,
				83CAEB8F2D84AE330012ED1D /* FirebasePerformance in Frameworks */,
				83CAEB912D84AE330012ED1D /* FirebaseStorage in Frameworks */,
				83CAEB7F2D84AE330012ED1D /* FirebaseAnalytics in Frameworks */,
				83CAEB832D84AE330012ED1D /* FirebaseAuthCombine-Community in Frameworks */,
				83CAEB852D84AE330012ED1D /* FirebaseCore in Frameworks */,
				83CAEB812D84AE330012ED1D /* FirebaseAuth in Frameworks */,
				83CAEB892D84AE330012ED1D /* FirebaseFirestore in Frameworks */,
				83CAEB8B2D84AE330012ED1D /* FirebaseFirestoreCombine-Community in Frameworks */,
			);
			runOnlyForDeploymentPostprocessing = 0;
		};
/* End PBXFrameworksBuildPhase section */

/* Begin PBXGroup section */
		83CAEB632D84ADD80012ED1D = {
			isa = PBXGroup;
			children = (
				83CAEB6E2D84ADD80012ED1D /* TwoPix-Swift */,
				83CAEB6D2D84ADD80012ED1D /* Products */,
			);
			sourceTree = "<group>";
		};
		83CAEB6D2D84ADD80012ED1D /* Products */ = {
			isa = PBXGroup;
			children = (
				83CAEB6C2D84ADD80012ED1D /* TwoPix-Swift.app */,
			);
			name = Products;
			sourceTree = "<group>";
		};
/* End PBXGroup section */

/* Begin PBXNativeTarget section */
		83CAEB6B2D84ADD80012ED1D /* TwoPix-Swift */ = {
			isa = PBXNativeTarget;
			buildConfigurationList = 83CAEB7A2D84ADDA0012ED1D /* Build configuration list for PBXNativeTarget "TwoPix-Swift" */;
			buildPhases = (
				83CAEB682D84ADD80012ED1D /* Sources */,
				83CAEB692D84ADD80012ED1D /* Frameworks */,
				83CAEB6A2D84ADD80012ED1D /* Resources */,
			);
			buildRules = (
			);
			dependencies = (
			);
			fileSystemSynchronizedGroups = (
				83CAEB6E2D84ADD80012ED1D /* TwoPix-Swift */,
			);
			name = "TwoPix-Swift";
			packageProductDependencies = (
				83CAEB7E2D84AE330012ED1D /* FirebaseAnalytics */,
				83CAEB802D84AE330012ED1D /* FirebaseAuth */,
				83CAEB822D84AE330012ED1D /* FirebaseAuthCombine-Community */,
				83CAEB842D84AE330012ED1D /* FirebaseCore */,
				83CAEB862D84AE330012ED1D /* FirebaseDatabase */,
				83CAEB882D84AE330012ED1D /* FirebaseFirestore */,
				83CAEB8A2D84AE330012ED1D /* FirebaseFirestoreCombine-Community */,
				83CAEB8C2D84AE330012ED1D /* FirebaseMessaging */,
				83CAEB8E2D84AE330012ED1D /* FirebasePerformance */,
				83CAEB902D84AE330012ED1D /* FirebaseStorage */,
				83CAEB922D84AE330012ED1D /* FirebaseStorageCombine-Community */,
			);
			productName = "TwoPix-Swift";
			productReference = 83CAEB6C2D84ADD80012ED1D /* TwoPix-Swift.app */;
			productType = "com.apple.product-type.application";
		};
/* End PBXNativeTarget section */

/* Begin PBXProject section */
		83CAEB642D84ADD80012ED1D /* Project object */ = {
			isa = PBXProject;
			attributes = {
				BuildIndependentTargetsInParallel = 1;
				LastSwiftUpdateCheck = 1620;
				LastUpgradeCheck = 1620;
				TargetAttributes = {
					83CAEB6B2D84ADD80012ED1D = {
						CreatedOnToolsVersion = 16.2;
					};
				};
			};
			buildConfigurationList = 83CAEB672D84ADD80012ED1D /* Build configuration list for PBXProject "TwoPix-Swift" */;
			developmentRegion = en;
			hasScannedForEncodings = 0;
			knownRegions = (
				en,
				Base,
			);
			mainGroup = 83CAEB632D84ADD80012ED1D;
			minimizedProjectReferenceProxies = 1;
			packageReferences = (
				83CAEB7D2D84AE330012ED1D /* XCRemoteSwiftPackageReference "firebase-ios-sdk" */,
			);
			preferredProjectObjectVersion = 77;
			productRefGroup = 83CAEB6D2D84ADD80012ED1D /* Products */;
			projectDirPath = "";
			projectRoot = "";
			targets = (
				83CAEB6B2D84ADD80012ED1D /* TwoPix-Swift */,
			);
		};
/* End PBXProject section */

/* Begin PBXResourcesBuildPhase section */
		83CAEB6A2D84ADD80012ED1D /* Resources */ = {
			isa = PBXResourcesBuildPhase;
			buildActionMask = 2147483647;
			files = (
			);
			runOnlyForDeploymentPostprocessing = 0;
		};
/* End PBXResourcesBuildPhase section */

/* Begin PBXSourcesBuildPhase section */
		83CAEB682D84ADD80012ED1D /* Sources */ = {
			isa = PBXSourcesBuildPhase;
			buildActionMask = 2147483647;
			files = (
			);
			runOnlyForDeploymentPostprocessing = 0;
		};
/* End PBXSourcesBuildPhase section */

/* Begin XCBuildConfiguration section */
		83CAEB782D84ADDA0012ED1D /* Debug */ = {
			isa = XCBuildConfiguration;
			buildSettings = {
				ALWAYS_SEARCH_USER_PATHS = NO;
				ASSETCATALOG_COMPILER_GENERATE_SWIFT_ASSET_SYMBOL_EXTENSIONS = YES;
				CLANG_ANALYZER_NONNULL = YES;
				CLANG_ANALYZER_NUMBER_OBJECT_CONVERSION = YES_AGGRESSIVE;
				CLANG_CXX_LANGUAGE_STANDARD = "gnu++20";
				CLANG_ENABLE_MODULES = YES;
				CLANG_ENABLE_OBJC_ARC = YES;
				CLANG_ENABLE_OBJC_WEAK = YES;
				CLANG_WARN_BLOCK_CAPTURE_AUTORELEASING = YES;
				CLANG_WARN_BOOL_CONVERSION = YES;
				CLANG_WARN_COMMA = YES;
				CLANG_WARN_CONSTANT_CONVERSION = YES;
				CLANG_WARN_DEPRECATED_OBJC_IMPLEMENTATIONS = YES;
				CLANG_WARN_DIRECT_OBJC_ISA_USAGE = YES_ERROR;
				CLANG_WARN_DOCUMENTATION_COMMENTS = YES;
				CLANG_WARN_EMPTY_BODY = YES;
				CLANG_WARN_ENUM_CONVERSION = YES;
				CLANG_WARN_INFINITE_RECURSION = YES;
				CLANG_WARN_INT_CONVERSION = YES;
				CLANG_WARN_NON_LITERAL_NULL_CONVERSION = YES;
				CLANG_WARN_OBJC_IMPLICIT_RETAIN_SELF = YES;
				CLANG_WARN_OBJC_LITERAL_CONVERSION = YES;
				CLANG_WARN_OBJC_ROOT_CLASS = YES_ERROR;
				CLANG_WARN_QUOTED_INCLUDE_IN_FRAMEWORK_HEADER = YES;
				CLANG_WARN_RANGE_LOOP_ANALYSIS = YES;
				CLANG_WARN_STRICT_PROTOTYPES = YES;
				CLANG_WARN_SUSPICIOUS_MOVE = YES;
				CLANG_WARN_UNGUARDED_AVAILABILITY = YES_AGGRESSIVE;
				CLANG_WARN_UNREACHABLE_CODE = YES;
				CLANG_WARN__DUPLICATE_METHOD_MATCH = YES;
				COPY_PHASE_STRIP = NO;
				DEBUG_INFORMATION_FORMAT = dwarf;
				ENABLE_STRICT_OBJC_MSGSEND = YES;
				ENABLE_TESTABILITY = YES;
				ENABLE_USER_SCRIPT_SANDBOXING = YES;
				GCC_C_LANGUAGE_STANDARD = gnu17;
				GCC_DYNAMIC_NO_PIC = NO;
				GCC_NO_COMMON_BLOCKS = YES;
				GCC_OPTIMIZATION_LEVEL = 0;
				GCC_PREPROCESSOR_DEFINITIONS = (
					"DEBUG=1",
					"$(inherited)",
				);
				GCC_WARN_64_TO_32_BIT_CONVERSION = YES;
				GCC_WARN_ABOUT_RETURN_TYPE = YES_ERROR;
				GCC_WARN_UNDECLARED_SELECTOR = YES;
				GCC_WARN_UNINITIALIZED_AUTOS = YES_AGGRESSIVE;
				GCC_WARN_UNUSED_FUNCTION = YES;
				GCC_WARN_UNUSED_VARIABLE = YES;
				IPHONEOS_DEPLOYMENT_TARGET = 18.2;
				LOCALIZATION_PREFERS_STRING_CATALOGS = YES;
				MTL_ENABLE_DEBUG_INFO = INCLUDE_SOURCE;
				MTL_FAST_MATH = YES;
				ONLY_ACTIVE_ARCH = YES;
				SDKROOT = iphoneos;
				SWIFT_ACTIVE_COMPILATION_CONDITIONS = "DEBUG $(inherited)";
				SWIFT_OPTIMIZATION_LEVEL = "-Onone";
			};
			name = Debug;
		};
		83CAEB792D84ADDA0012ED1D /* Release */ = {
			isa = XCBuildConfiguration;
			buildSettings = {
				ALWAYS_SEARCH_USER_PATHS = NO;
				ASSETCATALOG_COMPILER_GENERATE_SWIFT_ASSET_SYMBOL_EXTENSIONS = YES;
				CLANG_ANALYZER_NONNULL = YES;
				CLANG_ANALYZER_NUMBER_OBJECT_CONVERSION = YES_AGGRESSIVE;
				CLANG_CXX_LANGUAGE_STANDARD = "gnu++20";
				CLANG_ENABLE_MODULES = YES;
				CLANG_ENABLE_OBJC_ARC = YES;
				CLANG_ENABLE_OBJC_WEAK = YES;
				CLANG_WARN_BLOCK_CAPTURE_AUTORELEASING = YES;
				CLANG_WARN_BOOL_CONVERSION = YES;
				CLANG_WARN_COMMA = YES;
				CLANG_WARN_CONSTANT_CONVERSION = YES;
				CLANG_WARN_DEPRECATED_OBJC_IMPLEMENTATIONS = YES;
				CLANG_WARN_DIRECT_OBJC_ISA_USAGE = YES_ERROR;
				CLANG_WARN_DOCUMENTATION_COMMENTS = YES;
				CLANG_WARN_EMPTY_BODY = YES;
				CLANG_WARN_ENUM_CONVERSION = YES;
				CLANG_WARN_INFINITE_RECURSION = YES;
				CLANG_WARN_INT_CONVERSION = YES;
				CLANG_WARN_NON_LITERAL_NULL_CONVERSION = YES;
				CLANG_WARN_OBJC_IMPLICIT_RETAIN_SELF = YES;
				CLANG_WARN_OBJC_LITERAL_CONVERSION = YES;
				CLANG_WARN_OBJC_ROOT_CLASS = YES_ERROR;
				CLANG_WARN_QUOTED_INCLUDE_IN_FRAMEWORK_HEADER = YES;
				CLANG_WARN_RANGE_LOOP_ANALYSIS = YES;
				CLANG_WARN_STRICT_PROTOTYPES = YES;
				CLANG_WARN_SUSPICIOUS_MOVE = YES;
				CLANG_WARN_UNGUARDED_AVAILABILITY = YES_AGGRESSIVE;
				CLANG_WARN_UNREACHABLE_CODE = YES;
				CLANG_WARN__DUPLICATE_METHOD_MATCH = YES;
				COPY_PHASE_STRIP = NO;
				DEBUG_INFORMATION_FORMAT = "dwarf-with-dsym";
				ENABLE_NS_ASSERTIONS = NO;
				ENABLE_STRICT_OBJC_MSGSEND = YES;
				ENABLE_USER_SCRIPT_SANDBOXING = YES;
				GCC_C_LANGUAGE_STANDARD = gnu17;
				GCC_NO_COMMON_BLOCKS = YES;
				GCC_WARN_64_TO_32_BIT_CONVERSION = YES;
				GCC_WARN_ABOUT_RETURN_TYPE = YES_ERROR;
				GCC_WARN_UNDECLARED_SELECTOR = YES;
				GCC_WARN_UNINITIALIZED_AUTOS = YES_AGGRESSIVE;
				GCC_WARN_UNUSED_FUNCTION = YES;
				GCC_WARN_UNUSED_VARIABLE = YES;
				IPHONEOS_DEPLOYMENT_TARGET = 18.2;
				LOCALIZATION_PREFERS_STRING_CATALOGS = YES;
				MTL_ENABLE_DEBUG_INFO = NO;
				MTL_FAST_MATH = YES;
				SDKROOT = iphoneos;
				SWIFT_COMPILATION_MODE = wholemodule;
				VALIDATE_PRODUCT = YES;
			};
			name = Release;
		};
		83CAEB7B2D84ADDA0012ED1D /* Debug */ = {
			isa = XCBuildConfiguration;
			buildSettings = {
				ASSETCATALOG_COMPILER_APPICON_NAME = AppIcon;
				ASSETCATALOG_COMPILER_GLOBAL_ACCENT_COLOR_NAME = AccentColor;
				CODE_SIGN_STYLE = Automatic;
				CURRENT_PROJECT_VERSION = 1;
				DEVELOPMENT_ASSET_PATHS = "\"TwoPix-Swift/Preview Content\"";
				DEVELOPMENT_TEAM = ZBVA82L7AR;
				ENABLE_PREVIEWS = YES;
				GENERATE_INFOPLIST_FILE = YES;
				INFOPLIST_KEY_NSCameraUsageDescription = "This app needs camera access to take profile photos.";
				INFOPLIST_KEY_NSMicrophoneUsageDescription = "This app needs microphone access to record audio clips.";
				INFOPLIST_KEY_UIApplicationSceneManifest_Generation = YES;
				INFOPLIST_KEY_UIApplicationSupportsIndirectInputEvents = YES;
				INFOPLIST_KEY_UILaunchScreen_Generation = YES;
				INFOPLIST_KEY_UISupportedInterfaceOrientations_iPad = "UIInterfaceOrientationPortrait UIInterfaceOrientationPortraitUpsideDown UIInterfaceOrientationLandscapeLeft UIInterfaceOrientationLandscapeRight";
				INFOPLIST_KEY_UISupportedInterfaceOrientations_iPhone = "UIInterfaceOrientationPortrait UIInterfaceOrientationLandscapeLeft UIInterfaceOrientationLandscapeRight";
				LD_RUNPATH_SEARCH_PATHS = (
					"$(inherited)",
					"@executable_path/Frameworks",
				);
				MARKETING_VERSION = 1.0;
				PRODUCT_BUNDLE_IDENTIFIER = "com.DiegoCico.TwoPix-Swift";
				PRODUCT_NAME = "$(TARGET_NAME)";
				SWIFT_EMIT_LOC_STRINGS = YES;
				SWIFT_VERSION = 5.0;
				TARGETED_DEVICE_FAMILY = "1,2";
			};
			name = Debug;
		};
		83CAEB7C2D84ADDA0012ED1D /* Release */ = {
			isa = XCBuildConfiguration;
			buildSettings = {
				ASSETCATALOG_COMPILER_APPICON_NAME = AppIcon;
				ASSETCATALOG_COMPILER_GLOBAL_ACCENT_COLOR_NAME = AccentColor;
				CODE_SIGN_STYLE = Automatic;
				CURRENT_PROJECT_VERSION = 1;
				DEVELOPMENT_ASSET_PATHS = "\"TwoPix-Swift/Preview Content\"";
				DEVELOPMENT_TEAM = ZBVA82L7AR;
				ENABLE_PREVIEWS = YES;
				GENERATE_INFOPLIST_FILE = YES;
				INFOPLIST_KEY_NSCameraUsageDescription = "This app needs camera access to take profile photos.";
				INFOPLIST_KEY_NSMicrophoneUsageDescription = "This app needs microphone access to record audio clips.";
				INFOPLIST_KEY_UIApplicationSceneManifest_Generation = YES;
				INFOPLIST_KEY_UIApplicationSupportsIndirectInputEvents = YES;
				INFOPLIST_KEY_UILaunchScreen_Generation = YES;
				INFOPLIST_KEY_UISupportedInterfaceOrientations_iPad = "UIInterfaceOrientationPortrait UIInterfaceOrientationPortraitUpsideDown UIInterfaceOrientationLandscapeLeft UIInterfaceOrientationLandscapeRight";
				INFOPLIST_KEY_UISupportedInterfaceOrientations_iPhone = "UIInterfaceOrientationPortrait UIInterfaceOrientationLandscapeLeft UIInterfaceOrientationLandscapeRight";
				LD_RUNPATH_SEARCH_PATHS = (
					"$(inherited)",
					"@executable_path/Frameworks",
				);
				MARKETING_VERSION = 1.0;
				PRODUCT_BUNDLE_IDENTIFIER = "com.DiegoCico.TwoPix-Swift";
				PRODUCT_NAME = "$(TARGET_NAME)";
				SWIFT_EMIT_LOC_STRINGS = YES;
				SWIFT_VERSION = 5.0;
				TARGETED_DEVICE_FAMILY = "1,2";
			};
			name = Release;
		};
/* End XCBuildConfiguration section */

/* Begin XCConfigurationList section */
		83CAEB672D84ADD80012ED1D /* Build configuration list for PBXProject "TwoPix-Swift" */ = {
			isa = XCConfigurationList;
			buildConfigurations = (
				83CAEB782D84ADDA0012ED1D /* Debug */,
				83CAEB792D84ADDA0012ED1D /* Release */,
			);
			defaultConfigurationIsVisible = 0;
			defaultConfigurationName = Release;
		};
		83CAEB7A2D84ADDA0012ED1D /* Build configuration list for PBXNativeTarget "TwoPix-Swift" */ = {
			isa = XCConfigurationList;
			buildConfigurations = (
				83CAEB7B2D84ADDA0012ED1D /* Debug */,
				83CAEB7C2D84ADDA0012ED1D /* Release */,
			);
			defaultConfigurationIsVisible = 0;
			defaultConfigurationName = Release;
		};
/* End XCConfigurationList section */

/* Begin XCRemoteSwiftPackageReference section */
		83CAEB7D2D84AE330012ED1D /* XCRemoteSwiftPackageReference "firebase-ios-sdk" */ = {
			isa = XCRemoteSwiftPackageReference;
			repositoryURL = "https://github.com/firebase/firebase-ios-sdk";
			requirement = {
				kind = upToNextMajorVersion;
				minimumVersion = 11.9.0;
			};
		};
/* End XCRemoteSwiftPackageReference section */

/* Begin XCSwiftPackageProductDependency section */
		83CAEB7E2D84AE330012ED1D /* FirebaseAnalytics */ = {
			isa = XCSwiftPackageProductDependency;
			package = 83CAEB7D2D84AE330012ED1D /* XCRemoteSwiftPackageReference "firebase-ios-sdk" */;
			productName = FirebaseAnalytics;
		};
		83CAEB802D84AE330012ED1D /* FirebaseAuth */ = {
			isa = XCSwiftPackageProductDependency;
			package = 83CAEB7D2D84AE330012ED1D /* XCRemoteSwiftPackageReference "firebase-ios-sdk" */;
			productName = FirebaseAuth;
		};
		83CAEB822D84AE330012ED1D /* FirebaseAuthCombine-Community */ = {
			isa = XCSwiftPackageProductDependency;
			package = 83CAEB7D2D84AE330012ED1D /* XCRemoteSwiftPackageReference "firebase-ios-sdk" */;
			productName = "FirebaseAuthCombine-Community";
		};
		83CAEB842D84AE330012ED1D /* FirebaseCore */ = {
			isa = XCSwiftPackageProductDependency;
			package = 83CAEB7D2D84AE330012ED1D /* XCRemoteSwiftPackageReference "firebase-ios-sdk" */;
			productName = FirebaseCore;
		};
		83CAEB862D84AE330012ED1D /* FirebaseDatabase */ = {
			isa = XCSwiftPackageProductDependency;
			package = 83CAEB7D2D84AE330012ED1D /* XCRemoteSwiftPackageReference "firebase-ios-sdk" */;
			productName = FirebaseDatabase;
		};
		83CAEB882D84AE330012ED1D /* FirebaseFirestore */ = {
			isa = XCSwiftPackageProductDependency;
			package = 83CAEB7D2D84AE330012ED1D /* XCRemoteSwiftPackageReference "firebase-ios-sdk" */;
			productName = FirebaseFirestore;
		};
		83CAEB8A2D84AE330012ED1D /* FirebaseFirestoreCombine-Community */ = {
			isa = XCSwiftPackageProductDependency;
			package = 83CAEB7D2D84AE330012ED1D /* XCRemoteSwiftPackageReference "firebase-ios-sdk" */;
			productName = "FirebaseFirestoreCombine-Community";
		};
		83CAEB8C2D84AE330012ED1D /* FirebaseMessaging */ = {
			isa = XCSwiftPackageProductDependency;
			package = 83CAEB7D2D84AE330012ED1D /* XCRemoteSwiftPackageReference "firebase-ios-sdk" */;
			productName = FirebaseMessaging;
		};
		83CAEB8E2D84AE330012ED1D /* FirebasePerformance */ = {
			isa = XCSwiftPackageProductDependency;
			package = 83CAEB7D2D84AE330012ED1D /* XCRemoteSwiftPackageReference "firebase-ios-sdk" */;
			productName = FirebasePerformance;
		};
		83CAEB902D84AE330012ED1D /* FirebaseStorage */ = {
			isa = XCSwiftPackageProductDependency;
			package = 83CAEB7D2D84AE330012ED1D /* XCRemoteSwiftPackageReference "firebase-ios-sdk" */;
			productName = FirebaseStorage;
		};
		83CAEB922D84AE330012ED1D /* FirebaseStorageCombine-Community */ = {
			isa = XCSwiftPackageProductDependency;
			package = 83CAEB7D2D84AE330012ED1D /* XCRemoteSwiftPackageReference "firebase-ios-sdk" */;
			productName = "FirebaseStorageCombine-Community";
		};
/* End XCSwiftPackageProductDependency section */
	};
	rootObject = 83CAEB642D84ADD80012ED1D /* Project object */;
}
